
Microsoft Visual Studio Solution File, Format Version 12.00
# Visual Studio Version 16
VisualStudioVersion = 16.0.29123.88
MinimumVisualStudioVersion = 10.0.40219.1
Project("{FAE04EC0-301F-11D3-BF4B-00C04F79EFBC}") = "RoshmboApp", "RoshmboApp.csproj", "{1B0DA9D2-430D-4032-AD6A-0B5341B9A7B9}"
EndProject
Global
	GlobalSection(SolutionConfigurationPlatforms) = preSolution
		Debug|Any CPU = Debug|Any CPU
		Release|Any CPU = Release|Any CPU
	EndGlobalSection
	GlobalSection(ProjectConfigurationPlatforms) = postSolution
		{1B0DA9D2-430D-4032-AD6A-0B5341B9A7B9}.Debug|Any CPU.ActiveCfg = Debug|Any CPU
		{1B0DA9D2-430D-4032-AD6A-0B5341B9A7B9}.Debug|Any CPU.Build.0 = Debug|Any CPU
		{1B0DA9D2-430D-4032-AD6A-0B5341B9A7B9}.Release|Any CPU.ActiveCfg = Release|Any CPU
		{1B0DA9D2-430D-4032-AD6A-0B5341B9A7B9}.Release|Any CPU.Build.0 = Release|Any CPU
	EndGlobalSection
	GlobalSection(SolutionProperties) = preSolution
		HideSolutionNode = FALSE
	EndGlobalSection
	GlobalSection(ExtensibilityGlobals) = postSolution
		SolutionGuid = {33462C52-CE58-466C-8527-FCF5C3C13C7B}
	EndGlobalSection
EndGlobal
